
Microsoft Visual Studio Solution File, Format Version 12.00
# Visual Studio Version 17
VisualStudioVersion = 17.9.34616.47
MinimumVisualStudioVersion = 10.0.40219.1
Project("{FAE04EC0-301F-11D3-BF4B-00C04F79EFBC}") = "login app.Android", "login app\login app.Android\login app.Android.csproj", "{8E36036A-2448-4ED2-93D3-1F7C6253BE7C}"
EndProject
Project("{FAE04EC0-301F-11D3-BF4B-00C04F79EFBC}") = "login app", "login app\login app\login app.csproj", "{F2C849D5-DD92-4C17-AA2C-703A17FF248A}"
EndProject
Project("{2150E333-8FDC-42A3-9474-1A3956D46DE8}") = "Elementos de la solución", "Elementos de la solución", "{4DAB2E7D-87F6-4FF6-A402-114FD6B935D6}"
	ProjectSection(SolutionItems) = preProject
		RegisterPage.xaml = RegisterPage.xaml
		RegisterPage.xaml.cs = RegisterPage.xaml.cs
	EndProjectSection
EndProject
Global
	GlobalSection(SolutionConfigurationPlatforms) = preSolution
		Debug|Any CPU = Debug|Any CPU
		Release|Any CPU = Release|Any CPU
	EndGlobalSection
	GlobalSection(ProjectConfigurationPlatforms) = postSolution
		{8E36036A-2448-4ED2-93D3-1F7C6253BE7C}.Debug|Any CPU.ActiveCfg = Debug|Any CPU
		{8E36036A-2448-4ED2-93D3-1F7C6253BE7C}.Debug|Any CPU.Build.0 = Debug|Any CPU
		{8E36036A-2448-4ED2-93D3-1F7C6253BE7C}.Debug|Any CPU.Deploy.0 = Debug|Any CPU
		{8E36036A-2448-4ED2-93D3-1F7C6253BE7C}.Release|Any CPU.ActiveCfg = Release|Any CPU
		{8E36036A-2448-4ED2-93D3-1F7C6253BE7C}.Release|Any CPU.Build.0 = Release|Any CPU
		{8E36036A-2448-4ED2-93D3-1F7C6253BE7C}.Release|Any CPU.Deploy.0 = Release|Any CPU
		{F2C849D5-DD92-4C17-AA2C-703A17FF248A}.Debug|Any CPU.ActiveCfg = Debug|Any CPU
		{F2C849D5-DD92-4C17-AA2C-703A17FF248A}.Debug|Any CPU.Build.0 = Debug|Any CPU
		{F2C849D5-DD92-4C17-AA2C-703A17FF248A}.Debug|Any CPU.Deploy.0 = Debug|Any CPU
		{F2C849D5-DD92-4C17-AA2C-703A17FF248A}.Release|Any CPU.ActiveCfg = Release|Any CPU
		{F2C849D5-DD92-4C17-AA2C-703A17FF248A}.Release|Any CPU.Build.0 = Release|Any CPU
		{F2C849D5-DD92-4C17-AA2C-703A17FF248A}.Release|Any CPU.Deploy.0 = Release|Any CPU
	EndGlobalSection
	GlobalSection(SolutionProperties) = preSolution
		HideSolutionNode = FALSE
	EndGlobalSection
	GlobalSection(ExtensibilityGlobals) = postSolution
		SolutionGuid = {44ABFEE0-3051-4F2C-8A8D-2AE5582BAA0B}
	EndGlobalSection
EndGlobal
